
Microsoft Visual Studio Solution File, Format Version 12.00
# Visual Studio 2012
Project("{f2a71f9b-5d33-465a-a702-920d77279786}") = "Caelan.Frameworks.PasswordHashing", "Caelan.Frameworks.PasswordHashing\Caelan.Frameworks.PasswordHashing.fsproj", "{83A9AACC-6A2D-4774-8CD5-F3BEF3072C3E}"
EndProject
Project("{f2a71f9b-5d33-465a-a702-920d77279786}") = "Caelan.Frameworks.PasswordHashing.NUnit", "Caelan.Frameworks.PasswordHashing.NUnit\Caelan.Frameworks.PasswordHashing.NUnit.fsproj", "{E2782E87-0D07-4712-8F81-34DD157455E2}"
EndProject
Global
	GlobalSection(SolutionConfigurationPlatforms) = preSolution
		Debug|Any CPU = Debug|Any CPU
		Release|Any CPU = Release|Any CPU
	EndGlobalSection
	GlobalSection(ProjectConfigurationPlatforms) = postSolution
		{83A9AACC-6A2D-4774-8CD5-F3BEF3072C3E}.Debug|Any CPU.ActiveCfg = Debug|Any CPU
		{83A9AACC-6A2D-4774-8CD5-F3BEF3072C3E}.Debug|Any CPU.Build.0 = Debug|Any CPU
		{83A9AACC-6A2D-4774-8CD5-F3BEF3072C3E}.Release|Any CPU.ActiveCfg = Release|Any CPU
		{83A9AACC-6A2D-4774-8CD5-F3BEF3072C3E}.Release|Any CPU.Build.0 = Release|Any CPU
		{E2782E87-0D07-4712-8F81-34DD157455E2}.Debug|Any CPU.ActiveCfg = Debug|Any CPU
		{E2782E87-0D07-4712-8F81-34DD157455E2}.Debug|Any CPU.Build.0 = Debug|Any CPU
		{E2782E87-0D07-4712-8F81-34DD157455E2}.Release|Any CPU.ActiveCfg = Release|Any CPU
		{E2782E87-0D07-4712-8F81-34DD157455E2}.Release|Any CPU.Build.0 = Release|Any CPU
	EndGlobalSection
EndGlobal
